
Microsoft Visual Studio Solution File, Format Version 12.00
# Visual Studio Version 17
VisualStudioVersion = 17.4.33213.308
MinimumVisualStudioVersion = 10.0.40219.1
Project("{2150E333-8FDC-42A3-9474-1A3956D46DE8}") = "Platforms", "Platforms", "{BC745E82-1398-4642-85D1-30DA01BD441C}"
EndProject
Project("{9A19103F-16F7-4668-BE54-9A1E7A4F7556}") = "SampleNavigation", "SampleNavigation\SampleNavigation.csproj", "{B3212306-F840-40F7-ABE3-0CE7E59FC9B9}"
EndProject
Project("{9A19103F-16F7-4668-BE54-9A1E7A4F7556}") = "SampleNavigation.Wasm", "SampleNavigation.Wasm\SampleNavigation.Wasm.csproj", "{AF65E8AF-0B5D-465B-A903-6A2BA99F4D4F}"
EndProject
Project("{9A19103F-16F7-4668-BE54-9A1E7A4F7556}") = "SampleNavigation.Mobile", "SampleNavigation.Mobile\SampleNavigation.Mobile.csproj", "{26CDCAA8-8F14-441C-841A-DFCCBA8DB33D}"
EndProject
Project("{9A19103F-16F7-4668-BE54-9A1E7A4F7556}") = "SampleNavigation.Windows", "SampleNavigation.Windows\SampleNavigation.Windows.csproj", "{0C9DF467-8F63-4873-AD76-C7A916621A0F}"
EndProject
Project("{9A19103F-16F7-4668-BE54-9A1E7A4F7556}") = "SectionsNavigation.Uno.WinUI", "..\Ck.Navigation\src\SectionsNavigation.Uno.WinUI\SectionsNavigation.Uno.WinUI.csproj", "{FBAAAB98-2C74-48D7-9AF0-853C22882E8C}"
EndProject
Project("{2150E333-8FDC-42A3-9474-1A3956D46DE8}") = "SectionsNavigation", "SectionsNavigation", "{891896F5-ED2D-459A-9104-C30C5E238C25}"
EndProject
Project("{9A19103F-16F7-4668-BE54-9A1E7A4F7556}") = "SectionsNavigation.Abstractions", "..\Ck.Navigation\src\SectionsNavigation.Abstractions\SectionsNavigation.Abstractions.csproj", "{0AE0AA98-54DF-4E25-9777-624BECC24854}"
EndProject
Project("{9A19103F-16F7-4668-BE54-9A1E7A4F7556}") = "SectionsNavigation", "..\Ck.Navigation\src\SectionsNavigation\SectionsNavigation.csproj", "{6A38C5A9-9D45-47F7-8D16-75B55FD5781E}"
EndProject
Project("{D954291E-2A0B-460D-934E-DC6B0785DB48}") = "SectionsShared", "..\Ck.Navigation\src\SectionsShared\SectionsShared.shproj", "{E34FF0EC-DF3E-436A-8EBF-8DA734DA9D6A}"
EndProject
Project("{2150E333-8FDC-42A3-9474-1A3956D46DE8}") = "StacksNavigation", "StacksNavigation", "{C87EF95F-CF54-457E-AAAA-F3A0024F3E69}"
EndProject
Project("{9A19103F-16F7-4668-BE54-9A1E7A4F7556}") = "StackNavigation", "..\Ck.Navigation\src\StackNavigation\StackNavigation.csproj", "{E9F77E17-837F-4DE9-A2A8-29BD5F933406}"
EndProject
Project("{9A19103F-16F7-4668-BE54-9A1E7A4F7556}") = "StackNavigation.Uno.WinUI", "..\Ck.Navigation\src\StackNavigation.Uno.WinUI\StackNavigation.Uno.WinUI.csproj", "{024A767A-690C-46DC-81A0-59853E385AF0}"
EndProject
Project("{9A19103F-16F7-4668-BE54-9A1E7A4F7556}") = "StackNavigation.Abstractions", "..\Ck.Navigation\src\StackNavigation.Abstractions\StackNavigation.Abstractions.csproj", "{88280F1A-DB35-4111-A561-F381AF0F9F5A}"
EndProject
Project("{D954291E-2A0B-460D-934E-DC6B0785DB48}") = "StackShared", "..\Ck.Navigation\src\StackShared\StackShared.shproj", "{CBF60655-21FC-43E9-BB37-6C052288CA83}"
EndProject
Project("{2150E333-8FDC-42A3-9474-1A3956D46DE8}") = "DynamicMvvm", "DynamicMvvm", "{FF924F63-B647-4789-91A0-AB5977BB0EC8}"
EndProject
Project("{9A19103F-16F7-4668-BE54-9A1E7A4F7556}") = "DynamicMvvm.Uno.WinUI", "..\DynamicMvvm\src\DynamicMvvm.Uno.WinUI\DynamicMvvm.Uno.WinUI.csproj", "{095087CD-774E-4C99-8F75-31C3A1D63306}"
EndProject
Project("{9A19103F-16F7-4668-BE54-9A1E7A4F7556}") = "DynamicMvvm.Abstractions", "..\DynamicMvvm\src\DynamicMvvm.Abstractions\DynamicMvvm.Abstractions.csproj", "{7FAD32B1-268F-45F8-9EB7-FD8CC27C5B39}"
EndProject
Project("{9A19103F-16F7-4668-BE54-9A1E7A4F7556}") = "DynamicMvvm", "..\DynamicMvvm\src\DynamicMvvm\DynamicMvvm.csproj", "{7EF748CF-A32A-4359-A888-6F430D3E0123}"
EndProject
Project("{9A19103F-16F7-4668-BE54-9A1E7A4F7556}") = "DynamicMvvm.Uno", "..\DynamicMvvm\src\DynamicMvvm.Uno\DynamicMvvm.Uno.csproj", "{251C196A-17B0-4357-95DD-5F744CFBEA02}"
EndProject
Project("{9A19103F-16F7-4668-BE54-9A1E7A4F7556}") = "DynamicMvvm.Reactive", "..\DynamicMvvm\src\DynamicMvvm.Reactive\DynamicMvvm.Reactive.csproj", "{E45B83EB-DBC5-42A9-97FE-9EE30A9AF2A3}"
EndProject
Project("{9A19103F-16F7-4668-BE54-9A1E7A4F7556}") = "StackNavigation.Uno", "..\Ck.Navigation\src\StackNavigation.Uno\StackNavigation.Uno.csproj", "{8FBEA010-6F3C-4CF8-8563-9368C931CC78}"
EndProject
Project("{9A19103F-16F7-4668-BE54-9A1E7A4F7556}") = "SectionsNavigation.Reactive", "..\Ck.Navigation\src\SectionsNavigation.Reactive\SectionsNavigation.Reactive.csproj", "{B5F35309-60F3-47B7-8CEC-0E617F74A196}"
EndProject
Project("{9A19103F-16F7-4668-BE54-9A1E7A4F7556}") = "SectionsNavigation.Uno", "..\Ck.Navigation\src\SectionsNavigation.Uno\SectionsNavigation.Uno.csproj", "{38A5F894-1969-4678-AB63-90007A164349}"
EndProject
Project("{9A19103F-16F7-4668-BE54-9A1E7A4F7556}") = "StackNavigation.Reactive", "..\Ck.Navigation\src\StackNavigation.Reactive\StackNavigation.Reactive.csproj", "{FAD8CCC1-2E77-4DEC-9537-28CC2AED31B1}"
EndProject
Global
	GlobalSection(SolutionConfigurationPlatforms) = preSolution
		Debug|Any CPU = Debug|Any CPU
		Debug|arm64 = Debug|arm64
		Debug|x64 = Debug|x64
		Debug|x86 = Debug|x86
		Release|Any CPU = Release|Any CPU
		Release|arm64 = Release|arm64
		Release|x64 = Release|x64
		Release|x86 = Release|x86
	EndGlobalSection
	GlobalSection(ProjectConfigurationPlatforms) = postSolution
		{B3212306-F840-40F7-ABE3-0CE7E59FC9B9}.Debug|Any CPU.ActiveCfg = Debug|Any CPU
		{B3212306-F840-40F7-ABE3-0CE7E59FC9B9}.Debug|Any CPU.Build.0 = Debug|Any CPU
		{B3212306-F840-40F7-ABE3-0CE7E59FC9B9}.Debug|arm64.ActiveCfg = Debug|Any CPU
		{B3212306-F840-40F7-ABE3-0CE7E59FC9B9}.Debug|arm64.Build.0 = Debug|Any CPU
		{B3212306-F840-40F7-ABE3-0CE7E59FC9B9}.Debug|x64.ActiveCfg = Debug|Any CPU
		{B3212306-F840-40F7-ABE3-0CE7E59FC9B9}.Debug|x64.Build.0 = Debug|Any CPU
		{B3212306-F840-40F7-ABE3-0CE7E59FC9B9}.Debug|x86.ActiveCfg = Debug|Any CPU
		{B3212306-F840-40F7-ABE3-0CE7E59FC9B9}.Debug|x86.Build.0 = Debug|Any CPU
		{B3212306-F840-40F7-ABE3-0CE7E59FC9B9}.Release|Any CPU.ActiveCfg = Release|Any CPU
		{B3212306-F840-40F7-ABE3-0CE7E59FC9B9}.Release|Any CPU.Build.0 = Release|Any CPU
		{B3212306-F840-40F7-ABE3-0CE7E59FC9B9}.Release|arm64.ActiveCfg = Release|Any CPU
		{B3212306-F840-40F7-ABE3-0CE7E59FC9B9}.Release|arm64.Build.0 = Release|Any CPU
		{B3212306-F840-40F7-ABE3-0CE7E59FC9B9}.Release|x64.ActiveCfg = Release|Any CPU
		{B3212306-F840-40F7-ABE3-0CE7E59FC9B9}.Release|x64.Build.0 = Release|Any CPU
		{B3212306-F840-40F7-ABE3-0CE7E59FC9B9}.Release|x86.ActiveCfg = Release|Any CPU
		{B3212306-F840-40F7-ABE3-0CE7E59FC9B9}.Release|x86.Build.0 = Release|Any CPU
		{AF65E8AF-0B5D-465B-A903-6A2BA99F4D4F}.Debug|Any CPU.ActiveCfg = Debug|Any CPU
		{AF65E8AF-0B5D-465B-A903-6A2BA99F4D4F}.Debug|Any CPU.Build.0 = Debug|Any CPU
		{AF65E8AF-0B5D-465B-A903-6A2BA99F4D4F}.Debug|arm64.ActiveCfg = Debug|Any CPU
		{AF65E8AF-0B5D-465B-A903-6A2BA99F4D4F}.Debug|arm64.Build.0 = Debug|Any CPU
		{AF65E8AF-0B5D-465B-A903-6A2BA99F4D4F}.Debug|x64.ActiveCfg = Debug|Any CPU
		{AF65E8AF-0B5D-465B-A903-6A2BA99F4D4F}.Debug|x64.Build.0 = Debug|Any CPU
		{AF65E8AF-0B5D-465B-A903-6A2BA99F4D4F}.Debug|x86.ActiveCfg = Debug|Any CPU
		{AF65E8AF-0B5D-465B-A903-6A2BA99F4D4F}.Debug|x86.Build.0 = Debug|Any CPU
		{AF65E8AF-0B5D-465B-A903-6A2BA99F4D4F}.Release|Any CPU.ActiveCfg = Release|Any CPU
		{AF65E8AF-0B5D-465B-A903-6A2BA99F4D4F}.Release|Any CPU.Build.0 = Release|Any CPU
		{AF65E8AF-0B5D-465B-A903-6A2BA99F4D4F}.Release|arm64.ActiveCfg = Release|Any CPU
		{AF65E8AF-0B5D-465B-A903-6A2BA99F4D4F}.Release|arm64.Build.0 = Release|Any CPU
		{AF65E8AF-0B5D-465B-A903-6A2BA99F4D4F}.Release|x64.ActiveCfg = Release|Any CPU
		{AF65E8AF-0B5D-465B-A903-6A2BA99F4D4F}.Release|x64.Build.0 = Release|Any CPU
		{AF65E8AF-0B5D-465B-A903-6A2BA99F4D4F}.Release|x86.ActiveCfg = Release|Any CPU
		{AF65E8AF-0B5D-465B-A903-6A2BA99F4D4F}.Release|x86.Build.0 = Release|Any CPU
		{26CDCAA8-8F14-441C-841A-DFCCBA8DB33D}.Debug|Any CPU.ActiveCfg = Debug|Any CPU
		{26CDCAA8-8F14-441C-841A-DFCCBA8DB33D}.Debug|Any CPU.Build.0 = Debug|Any CPU
		{26CDCAA8-8F14-441C-841A-DFCCBA8DB33D}.Debug|Any CPU.Deploy.0 = Debug|Any CPU
		{26CDCAA8-8F14-441C-841A-DFCCBA8DB33D}.Debug|arm64.ActiveCfg = Debug|Any CPU
		{26CDCAA8-8F14-441C-841A-DFCCBA8DB33D}.Debug|arm64.Build.0 = Debug|Any CPU
		{26CDCAA8-8F14-441C-841A-DFCCBA8DB33D}.Debug|arm64.Deploy.0 = Debug|Any CPU
		{26CDCAA8-8F14-441C-841A-DFCCBA8DB33D}.Debug|x64.ActiveCfg = Debug|Any CPU
		{26CDCAA8-8F14-441C-841A-DFCCBA8DB33D}.Debug|x64.Build.0 = Debug|Any CPU
		{26CDCAA8-8F14-441C-841A-DFCCBA8DB33D}.Debug|x64.Deploy.0 = Debug|Any CPU
		{26CDCAA8-8F14-441C-841A-DFCCBA8DB33D}.Debug|x86.ActiveCfg = Debug|Any CPU
		{26CDCAA8-8F14-441C-841A-DFCCBA8DB33D}.Debug|x86.Build.0 = Debug|Any CPU
		{26CDCAA8-8F14-441C-841A-DFCCBA8DB33D}.Debug|x86.Deploy.0 = Debug|Any CPU
		{26CDCAA8-8F14-441C-841A-DFCCBA8DB33D}.Release|Any CPU.ActiveCfg = Release|Any CPU
		{26CDCAA8-8F14-441C-841A-DFCCBA8DB33D}.Release|Any CPU.Build.0 = Release|Any CPU
		{26CDCAA8-8F14-441C-841A-DFCCBA8DB33D}.Release|Any CPU.Deploy.0 = Release|Any CPU
		{26CDCAA8-8F14-441C-841A-DFCCBA8DB33D}.Release|arm64.ActiveCfg = Release|Any CPU
		{26CDCAA8-8F14-441C-841A-DFCCBA8DB33D}.Release|arm64.Build.0 = Release|Any CPU
		{26CDCAA8-8F14-441C-841A-DFCCBA8DB33D}.Release|arm64.Deploy.0 = Release|Any CPU
		{26CDCAA8-8F14-441C-841A-DFCCBA8DB33D}.Release|x64.ActiveCfg = Release|Any CPU
		{26CDCAA8-8F14-441C-841A-DFCCBA8DB33D}.Release|x64.Build.0 = Release|Any CPU
		{26CDCAA8-8F14-441C-841A-DFCCBA8DB33D}.Release|x64.Deploy.0 = Release|Any CPU
		{26CDCAA8-8F14-441C-841A-DFCCBA8DB33D}.Release|x86.ActiveCfg = Release|Any CPU
		{26CDCAA8-8F14-441C-841A-DFCCBA8DB33D}.Release|x86.Build.0 = Release|Any CPU
		{26CDCAA8-8F14-441C-841A-DFCCBA8DB33D}.Release|x86.Deploy.0 = Release|Any CPU
		{0C9DF467-8F63-4873-AD76-C7A916621A0F}.Debug|Any CPU.ActiveCfg = Debug|x64
		{0C9DF467-8F63-4873-AD76-C7A916621A0F}.Debug|Any CPU.Build.0 = Debug|x64
		{0C9DF467-8F63-4873-AD76-C7A916621A0F}.Debug|Any CPU.Deploy.0 = Debug|x64
		{0C9DF467-8F63-4873-AD76-C7A916621A0F}.Debug|arm64.ActiveCfg = Debug|arm64
		{0C9DF467-8F63-4873-AD76-C7A916621A0F}.Debug|arm64.Build.0 = Debug|arm64
		{0C9DF467-8F63-4873-AD76-C7A916621A0F}.Debug|arm64.Deploy.0 = Debug|arm64
		{0C9DF467-8F63-4873-AD76-C7A916621A0F}.Debug|x64.ActiveCfg = Debug|x64
		{0C9DF467-8F63-4873-AD76-C7A916621A0F}.Debug|x64.Build.0 = Debug|x64
		{0C9DF467-8F63-4873-AD76-C7A916621A0F}.Debug|x64.Deploy.0 = Debug|x64
		{0C9DF467-8F63-4873-AD76-C7A916621A0F}.Debug|x86.ActiveCfg = Debug|x86
		{0C9DF467-8F63-4873-AD76-C7A916621A0F}.Debug|x86.Build.0 = Debug|x86
		{0C9DF467-8F63-4873-AD76-C7A916621A0F}.Debug|x86.Deploy.0 = Debug|x86
		{0C9DF467-8F63-4873-AD76-C7A916621A0F}.Release|Any CPU.ActiveCfg = Release|x64
		{0C9DF467-8F63-4873-AD76-C7A916621A0F}.Release|Any CPU.Build.0 = Release|x64
		{0C9DF467-8F63-4873-AD76-C7A916621A0F}.Release|Any CPU.Deploy.0 = Release|x64
		{0C9DF467-8F63-4873-AD76-C7A916621A0F}.Release|arm64.ActiveCfg = Release|arm64
		{0C9DF467-8F63-4873-AD76-C7A916621A0F}.Release|arm64.Build.0 = Release|arm64
		{0C9DF467-8F63-4873-AD76-C7A916621A0F}.Release|arm64.Deploy.0 = Release|arm64
		{0C9DF467-8F63-4873-AD76-C7A916621A0F}.Release|x64.ActiveCfg = Release|x64
		{0C9DF467-8F63-4873-AD76-C7A916621A0F}.Release|x64.Build.0 = Release|x64
		{0C9DF467-8F63-4873-AD76-C7A916621A0F}.Release|x64.Deploy.0 = Release|x64
		{0C9DF467-8F63-4873-AD76-C7A916621A0F}.Release|x86.ActiveCfg = Release|x86
		{0C9DF467-8F63-4873-AD76-C7A916621A0F}.Release|x86.Build.0 = Release|x86
		{0C9DF467-8F63-4873-AD76-C7A916621A0F}.Release|x86.Deploy.0 = Release|x86
		{FBAAAB98-2C74-48D7-9AF0-853C22882E8C}.Debug|Any CPU.ActiveCfg = Debug|Any CPU
		{FBAAAB98-2C74-48D7-9AF0-853C22882E8C}.Debug|Any CPU.Build.0 = Debug|Any CPU
		{FBAAAB98-2C74-48D7-9AF0-853C22882E8C}.Debug|arm64.ActiveCfg = Debug|Any CPU
		{FBAAAB98-2C74-48D7-9AF0-853C22882E8C}.Debug|arm64.Build.0 = Debug|Any CPU
		{FBAAAB98-2C74-48D7-9AF0-853C22882E8C}.Debug|x64.ActiveCfg = Debug|Any CPU
		{FBAAAB98-2C74-48D7-9AF0-853C22882E8C}.Debug|x64.Build.0 = Debug|Any CPU
		{FBAAAB98-2C74-48D7-9AF0-853C22882E8C}.Debug|x86.ActiveCfg = Debug|Any CPU
		{FBAAAB98-2C74-48D7-9AF0-853C22882E8C}.Debug|x86.Build.0 = Debug|Any CPU
		{FBAAAB98-2C74-48D7-9AF0-853C22882E8C}.Release|Any CPU.ActiveCfg = Release|Any CPU
		{FBAAAB98-2C74-48D7-9AF0-853C22882E8C}.Release|Any CPU.Build.0 = Release|Any CPU
		{FBAAAB98-2C74-48D7-9AF0-853C22882E8C}.Release|arm64.ActiveCfg = Release|Any CPU
		{FBAAAB98-2C74-48D7-9AF0-853C22882E8C}.Release|arm64.Build.0 = Release|Any CPU
		{FBAAAB98-2C74-48D7-9AF0-853C22882E8C}.Release|x64.ActiveCfg = Release|Any CPU
		{FBAAAB98-2C74-48D7-9AF0-853C22882E8C}.Release|x64.Build.0 = Release|Any CPU
		{FBAAAB98-2C74-48D7-9AF0-853C22882E8C}.Release|x86.ActiveCfg = Release|Any CPU
		{FBAAAB98-2C74-48D7-9AF0-853C22882E8C}.Release|x86.Build.0 = Release|Any CPU
		{0AE0AA98-54DF-4E25-9777-624BECC24854}.Debug|Any CPU.ActiveCfg = Debug|Any CPU
		{0AE0AA98-54DF-4E25-9777-624BECC24854}.Debug|Any CPU.Build.0 = Debug|Any CPU
		{0AE0AA98-54DF-4E25-9777-624BECC24854}.Debug|arm64.ActiveCfg = Debug|Any CPU
		{0AE0AA98-54DF-4E25-9777-624BECC24854}.Debug|arm64.Build.0 = Debug|Any CPU
		{0AE0AA98-54DF-4E25-9777-624BECC24854}.Debug|x64.ActiveCfg = Debug|Any CPU
		{0AE0AA98-54DF-4E25-9777-624BECC24854}.Debug|x64.Build.0 = Debug|Any CPU
		{0AE0AA98-54DF-4E25-9777-624BECC24854}.Debug|x86.ActiveCfg = Debug|Any CPU
		{0AE0AA98-54DF-4E25-9777-624BECC24854}.Debug|x86.Build.0 = Debug|Any CPU
		{0AE0AA98-54DF-4E25-9777-624BECC24854}.Release|Any CPU.ActiveCfg = Release|Any CPU
		{0AE0AA98-54DF-4E25-9777-624BECC24854}.Release|Any CPU.Build.0 = Release|Any CPU
		{0AE0AA98-54DF-4E25-9777-624BECC24854}.Release|arm64.ActiveCfg = Release|Any CPU
		{0AE0AA98-54DF-4E25-9777-624BECC24854}.Release|arm64.Build.0 = Release|Any CPU
		{0AE0AA98-54DF-4E25-9777-624BECC24854}.Release|x64.ActiveCfg = Release|Any CPU
		{0AE0AA98-54DF-4E25-9777-624BECC24854}.Release|x64.Build.0 = Release|Any CPU
		{0AE0AA98-54DF-4E25-9777-624BECC24854}.Release|x86.ActiveCfg = Release|Any CPU
		{0AE0AA98-54DF-4E25-9777-624BECC24854}.Release|x86.Build.0 = Release|Any CPU
		{6A38C5A9-9D45-47F7-8D16-75B55FD5781E}.Debug|Any CPU.ActiveCfg = Debug|Any CPU
		{6A38C5A9-9D45-47F7-8D16-75B55FD5781E}.Debug|Any CPU.Build.0 = Debug|Any CPU
		{6A38C5A9-9D45-47F7-8D16-75B55FD5781E}.Debug|arm64.ActiveCfg = Debug|Any CPU
		{6A38C5A9-9D45-47F7-8D16-75B55FD5781E}.Debug|arm64.Build.0 = Debug|Any CPU
		{6A38C5A9-9D45-47F7-8D16-75B55FD5781E}.Debug|x64.ActiveCfg = Debug|Any CPU
		{6A38C5A9-9D45-47F7-8D16-75B55FD5781E}.Debug|x64.Build.0 = Debug|Any CPU
		{6A38C5A9-9D45-47F7-8D16-75B55FD5781E}.Debug|x86.ActiveCfg = Debug|Any CPU
		{6A38C5A9-9D45-47F7-8D16-75B55FD5781E}.Debug|x86.Build.0 = Debug|Any CPU
		{6A38C5A9-9D45-47F7-8D16-75B55FD5781E}.Release|Any CPU.ActiveCfg = Release|Any CPU
		{6A38C5A9-9D45-47F7-8D16-75B55FD5781E}.Release|Any CPU.Build.0 = Release|Any CPU
		{6A38C5A9-9D45-47F7-8D16-75B55FD5781E}.Release|arm64.ActiveCfg = Release|Any CPU
		{6A38C5A9-9D45-47F7-8D16-75B55FD5781E}.Release|arm64.Build.0 = Release|Any CPU
		{6A38C5A9-9D45-47F7-8D16-75B55FD5781E}.Release|x64.ActiveCfg = Release|Any CPU
		{6A38C5A9-9D45-47F7-8D16-75B55FD5781E}.Release|x64.Build.0 = Release|Any CPU
		{6A38C5A9-9D45-47F7-8D16-75B55FD5781E}.Release|x86.ActiveCfg = Release|Any CPU
		{6A38C5A9-9D45-47F7-8D16-75B55FD5781E}.Release|x86.Build.0 = Release|Any CPU
		{E9F77E17-837F-4DE9-A2A8-29BD5F933406}.Debug|Any CPU.ActiveCfg = Debug|Any CPU
		{E9F77E17-837F-4DE9-A2A8-29BD5F933406}.Debug|Any CPU.Build.0 = Debug|Any CPU
		{E9F77E17-837F-4DE9-A2A8-29BD5F933406}.Debug|arm64.ActiveCfg = Debug|Any CPU
		{E9F77E17-837F-4DE9-A2A8-29BD5F933406}.Debug|arm64.Build.0 = Debug|Any CPU
		{E9F77E17-837F-4DE9-A2A8-29BD5F933406}.Debug|x64.ActiveCfg = Debug|Any CPU
		{E9F77E17-837F-4DE9-A2A8-29BD5F933406}.Debug|x64.Build.0 = Debug|Any CPU
		{E9F77E17-837F-4DE9-A2A8-29BD5F933406}.Debug|x86.ActiveCfg = Debug|Any CPU
		{E9F77E17-837F-4DE9-A2A8-29BD5F933406}.Debug|x86.Build.0 = Debug|Any CPU
		{E9F77E17-837F-4DE9-A2A8-29BD5F933406}.Release|Any CPU.ActiveCfg = Release|Any CPU
		{E9F77E17-837F-4DE9-A2A8-29BD5F933406}.Release|Any CPU.Build.0 = Release|Any CPU
		{E9F77E17-837F-4DE9-A2A8-29BD5F933406}.Release|arm64.ActiveCfg = Release|Any CPU
		{E9F77E17-837F-4DE9-A2A8-29BD5F933406}.Release|arm64.Build.0 = Release|Any CPU
		{E9F77E17-837F-4DE9-A2A8-29BD5F933406}.Release|x64.ActiveCfg = Release|Any CPU
		{E9F77E17-837F-4DE9-A2A8-29BD5F933406}.Release|x64.Build.0 = Release|Any CPU
		{E9F77E17-837F-4DE9-A2A8-29BD5F933406}.Release|x86.ActiveCfg = Release|Any CPU
		{E9F77E17-837F-4DE9-A2A8-29BD5F933406}.Release|x86.Build.0 = Release|Any CPU
		{024A767A-690C-46DC-81A0-59853E385AF0}.Debug|Any CPU.ActiveCfg = Debug|Any CPU
		{024A767A-690C-46DC-81A0-59853E385AF0}.Debug|Any CPU.Build.0 = Debug|Any CPU
		{024A767A-690C-46DC-81A0-59853E385AF0}.Debug|arm64.ActiveCfg = Debug|Any CPU
		{024A767A-690C-46DC-81A0-59853E385AF0}.Debug|arm64.Build.0 = Debug|Any CPU
		{024A767A-690C-46DC-81A0-59853E385AF0}.Debug|x64.ActiveCfg = Debug|Any CPU
		{024A767A-690C-46DC-81A0-59853E385AF0}.Debug|x64.Build.0 = Debug|Any CPU
		{024A767A-690C-46DC-81A0-59853E385AF0}.Debug|x86.ActiveCfg = Debug|Any CPU
		{024A767A-690C-46DC-81A0-59853E385AF0}.Debug|x86.Build.0 = Debug|Any CPU
		{024A767A-690C-46DC-81A0-59853E385AF0}.Release|Any CPU.ActiveCfg = Release|Any CPU
		{024A767A-690C-46DC-81A0-59853E385AF0}.Release|Any CPU.Build.0 = Release|Any CPU
		{024A767A-690C-46DC-81A0-59853E385AF0}.Release|arm64.ActiveCfg = Release|Any CPU
		{024A767A-690C-46DC-81A0-59853E385AF0}.Release|arm64.Build.0 = Release|Any CPU
		{024A767A-690C-46DC-81A0-59853E385AF0}.Release|x64.ActiveCfg = Release|Any CPU
		{024A767A-690C-46DC-81A0-59853E385AF0}.Release|x64.Build.0 = Release|Any CPU
		{024A767A-690C-46DC-81A0-59853E385AF0}.Release|x86.ActiveCfg = Release|Any CPU
		{024A767A-690C-46DC-81A0-59853E385AF0}.Release|x86.Build.0 = Release|Any CPU
		{88280F1A-DB35-4111-A561-F381AF0F9F5A}.Debug|Any CPU.ActiveCfg = Debug|Any CPU
		{88280F1A-DB35-4111-A561-F381AF0F9F5A}.Debug|Any CPU.Build.0 = Debug|Any CPU
		{88280F1A-DB35-4111-A561-F381AF0F9F5A}.Debug|arm64.ActiveCfg = Debug|Any CPU
		{88280F1A-DB35-4111-A561-F381AF0F9F5A}.Debug|arm64.Build.0 = Debug|Any CPU
		{88280F1A-DB35-4111-A561-F381AF0F9F5A}.Debug|x64.ActiveCfg = Debug|Any CPU
		{88280F1A-DB35-4111-A561-F381AF0F9F5A}.Debug|x64.Build.0 = Debug|Any CPU
		{88280F1A-DB35-4111-A561-F381AF0F9F5A}.Debug|x86.ActiveCfg = Debug|Any CPU
		{88280F1A-DB35-4111-A561-F381AF0F9F5A}.Debug|x86.Build.0 = Debug|Any CPU
		{88280F1A-DB35-4111-A561-F381AF0F9F5A}.Release|Any CPU.ActiveCfg = Release|Any CPU
		{88280F1A-DB35-4111-A561-F381AF0F9F5A}.Release|Any CPU.Build.0 = Release|Any CPU
		{88280F1A-DB35-4111-A561-F381AF0F9F5A}.Release|arm64.ActiveCfg = Release|Any CPU
		{88280F1A-DB35-4111-A561-F381AF0F9F5A}.Release|arm64.Build.0 = Release|Any CPU
		{88280F1A-DB35-4111-A561-F381AF0F9F5A}.Release|x64.ActiveCfg = Release|Any CPU
		{88280F1A-DB35-4111-A561-F381AF0F9F5A}.Release|x64.Build.0 = Release|Any CPU
		{88280F1A-DB35-4111-A561-F381AF0F9F5A}.Release|x86.ActiveCfg = Release|Any CPU
		{88280F1A-DB35-4111-A561-F381AF0F9F5A}.Release|x86.Build.0 = Release|Any CPU
		{095087CD-774E-4C99-8F75-31C3A1D63306}.Debug|Any CPU.ActiveCfg = Debug|Any CPU
		{095087CD-774E-4C99-8F75-31C3A1D63306}.Debug|Any CPU.Build.0 = Debug|Any CPU
		{095087CD-774E-4C99-8F75-31C3A1D63306}.Debug|arm64.ActiveCfg = Debug|Any CPU
		{095087CD-774E-4C99-8F75-31C3A1D63306}.Debug|arm64.Build.0 = Debug|Any CPU
		{095087CD-774E-4C99-8F75-31C3A1D63306}.Debug|x64.ActiveCfg = Debug|Any CPU
		{095087CD-774E-4C99-8F75-31C3A1D63306}.Debug|x64.Build.0 = Debug|Any CPU
		{095087CD-774E-4C99-8F75-31C3A1D63306}.Debug|x86.ActiveCfg = Debug|Any CPU
		{095087CD-774E-4C99-8F75-31C3A1D63306}.Debug|x86.Build.0 = Debug|Any CPU
		{095087CD-774E-4C99-8F75-31C3A1D63306}.Release|Any CPU.ActiveCfg = Release|Any CPU
		{095087CD-774E-4C99-8F75-31C3A1D63306}.Release|Any CPU.Build.0 = Release|Any CPU
		{095087CD-774E-4C99-8F75-31C3A1D63306}.Release|arm64.ActiveCfg = Release|Any CPU
		{095087CD-774E-4C99-8F75-31C3A1D63306}.Release|arm64.Build.0 = Release|Any CPU
		{095087CD-774E-4C99-8F75-31C3A1D63306}.Release|x64.ActiveCfg = Release|Any CPU
		{095087CD-774E-4C99-8F75-31C3A1D63306}.Release|x64.Build.0 = Release|Any CPU
		{095087CD-774E-4C99-8F75-31C3A1D63306}.Release|x86.ActiveCfg = Release|Any CPU
		{095087CD-774E-4C99-8F75-31C3A1D63306}.Release|x86.Build.0 = Release|Any CPU
		{7FAD32B1-268F-45F8-9EB7-FD8CC27C5B39}.Debug|Any CPU.ActiveCfg = Debug|Any CPU
		{7FAD32B1-268F-45F8-9EB7-FD8CC27C5B39}.Debug|Any CPU.Build.0 = Debug|Any CPU
		{7FAD32B1-268F-45F8-9EB7-FD8CC27C5B39}.Debug|arm64.ActiveCfg = Debug|Any CPU
		{7FAD32B1-268F-45F8-9EB7-FD8CC27C5B39}.Debug|arm64.Build.0 = Debug|Any CPU
		{7FAD32B1-268F-45F8-9EB7-FD8CC27C5B39}.Debug|x64.ActiveCfg = Debug|Any CPU
		{7FAD32B1-268F-45F8-9EB7-FD8CC27C5B39}.Debug|x64.Build.0 = Debug|Any CPU
		{7FAD32B1-268F-45F8-9EB7-FD8CC27C5B39}.Debug|x86.ActiveCfg = Debug|Any CPU
		{7FAD32B1-268F-45F8-9EB7-FD8CC27C5B39}.Debug|x86.Build.0 = Debug|Any CPU
		{7FAD32B1-268F-45F8-9EB7-FD8CC27C5B39}.Release|Any CPU.ActiveCfg = Release|Any CPU
		{7FAD32B1-268F-45F8-9EB7-FD8CC27C5B39}.Release|Any CPU.Build.0 = Release|Any CPU
		{7FAD32B1-268F-45F8-9EB7-FD8CC27C5B39}.Release|arm64.ActiveCfg = Release|Any CPU
		{7FAD32B1-268F-45F8-9EB7-FD8CC27C5B39}.Release|arm64.Build.0 = Release|Any CPU
		{7FAD32B1-268F-45F8-9EB7-FD8CC27C5B39}.Release|x64.ActiveCfg = Release|Any CPU
		{7FAD32B1-268F-45F8-9EB7-FD8CC27C5B39}.Release|x64.Build.0 = Release|Any CPU
		{7FAD32B1-268F-45F8-9EB7-FD8CC27C5B39}.Release|x86.ActiveCfg = Release|Any CPU
		{7FAD32B1-268F-45F8-9EB7-FD8CC27C5B39}.Release|x86.Build.0 = Release|Any CPU
		{7EF748CF-A32A-4359-A888-6F430D3E0123}.Debug|Any CPU.ActiveCfg = Debug|Any CPU
		{7EF748CF-A32A-4359-A888-6F430D3E0123}.Debug|Any CPU.Build.0 = Debug|Any CPU
		{7EF748CF-A32A-4359-A888-6F430D3E0123}.Debug|arm64.ActiveCfg = Debug|Any CPU
		{7EF748CF-A32A-4359-A888-6F430D3E0123}.Debug|arm64.Build.0 = Debug|Any CPU
		{7EF748CF-A32A-4359-A888-6F430D3E0123}.Debug|x64.ActiveCfg = Debug|Any CPU
		{7EF748CF-A32A-4359-A888-6F430D3E0123}.Debug|x64.Build.0 = Debug|Any CPU
		{7EF748CF-A32A-4359-A888-6F430D3E0123}.Debug|x86.ActiveCfg = Debug|Any CPU
		{7EF748CF-A32A-4359-A888-6F430D3E0123}.Debug|x86.Build.0 = Debug|Any CPU
		{7EF748CF-A32A-4359-A888-6F430D3E0123}.Release|Any CPU.ActiveCfg = Release|Any CPU
		{7EF748CF-A32A-4359-A888-6F430D3E0123}.Release|Any CPU.Build.0 = Release|Any CPU
		{7EF748CF-A32A-4359-A888-6F430D3E0123}.Release|arm64.ActiveCfg = Release|Any CPU
		{7EF748CF-A32A-4359-A888-6F430D3E0123}.Release|arm64.Build.0 = Release|Any CPU
		{7EF748CF-A32A-4359-A888-6F430D3E0123}.Release|x64.ActiveCfg = Release|Any CPU
		{7EF748CF-A32A-4359-A888-6F430D3E0123}.Release|x64.Build.0 = Release|Any CPU
		{7EF748CF-A32A-4359-A888-6F430D3E0123}.Release|x86.ActiveCfg = Release|Any CPU
		{7EF748CF-A32A-4359-A888-6F430D3E0123}.Release|x86.Build.0 = Release|Any CPU
		{251C196A-17B0-4357-95DD-5F744CFBEA02}.Debug|Any CPU.ActiveCfg = Debug|Any CPU
		{251C196A-17B0-4357-95DD-5F744CFBEA02}.Debug|Any CPU.Build.0 = Debug|Any CPU
		{251C196A-17B0-4357-95DD-5F744CFBEA02}.Debug|arm64.ActiveCfg = Debug|Any CPU
		{251C196A-17B0-4357-95DD-5F744CFBEA02}.Debug|arm64.Build.0 = Debug|Any CPU
		{251C196A-17B0-4357-95DD-5F744CFBEA02}.Debug|x64.ActiveCfg = Debug|Any CPU
		{251C196A-17B0-4357-95DD-5F744CFBEA02}.Debug|x64.Build.0 = Debug|Any CPU
		{251C196A-17B0-4357-95DD-5F744CFBEA02}.Debug|x86.ActiveCfg = Debug|Any CPU
		{251C196A-17B0-4357-95DD-5F744CFBEA02}.Debug|x86.Build.0 = Debug|Any CPU
		{251C196A-17B0-4357-95DD-5F744CFBEA02}.Release|Any CPU.ActiveCfg = Release|Any CPU
		{251C196A-17B0-4357-95DD-5F744CFBEA02}.Release|Any CPU.Build.0 = Release|Any CPU
		{251C196A-17B0-4357-95DD-5F744CFBEA02}.Release|arm64.ActiveCfg = Release|Any CPU
		{251C196A-17B0-4357-95DD-5F744CFBEA02}.Release|arm64.Build.0 = Release|Any CPU
		{251C196A-17B0-4357-95DD-5F744CFBEA02}.Release|x64.ActiveCfg = Release|Any CPU
		{251C196A-17B0-4357-95DD-5F744CFBEA02}.Release|x64.Build.0 = Release|Any CPU
		{251C196A-17B0-4357-95DD-5F744CFBEA02}.Release|x86.ActiveCfg = Release|Any CPU
		{251C196A-17B0-4357-95DD-5F744CFBEA02}.Release|x86.Build.0 = Release|Any CPU
		{E45B83EB-DBC5-42A9-97FE-9EE30A9AF2A3}.Debug|Any CPU.ActiveCfg = Debug|Any CPU
		{E45B83EB-DBC5-42A9-97FE-9EE30A9AF2A3}.Debug|Any CPU.Build.0 = Debug|Any CPU
		{E45B83EB-DBC5-42A9-97FE-9EE30A9AF2A3}.Debug|arm64.ActiveCfg = Debug|Any CPU
		{E45B83EB-DBC5-42A9-97FE-9EE30A9AF2A3}.Debug|arm64.Build.0 = Debug|Any CPU
		{E45B83EB-DBC5-42A9-97FE-9EE30A9AF2A3}.Debug|x64.ActiveCfg = Debug|Any CPU
		{E45B83EB-DBC5-42A9-97FE-9EE30A9AF2A3}.Debug|x64.Build.0 = Debug|Any CPU
		{E45B83EB-DBC5-42A9-97FE-9EE30A9AF2A3}.Debug|x86.ActiveCfg = Debug|Any CPU
		{E45B83EB-DBC5-42A9-97FE-9EE30A9AF2A3}.Debug|x86.Build.0 = Debug|Any CPU
		{E45B83EB-DBC5-42A9-97FE-9EE30A9AF2A3}.Release|Any CPU.ActiveCfg = Release|Any CPU
		{E45B83EB-DBC5-42A9-97FE-9EE30A9AF2A3}.Release|Any CPU.Build.0 = Release|Any CPU
		{E45B83EB-DBC5-42A9-97FE-9EE30A9AF2A3}.Release|arm64.ActiveCfg = Release|Any CPU
		{E45B83EB-DBC5-42A9-97FE-9EE30A9AF2A3}.Release|arm64.Build.0 = Release|Any CPU
		{E45B83EB-DBC5-42A9-97FE-9EE30A9AF2A3}.Release|x64.ActiveCfg = Release|Any CPU
		{E45B83EB-DBC5-42A9-97FE-9EE30A9AF2A3}.Release|x64.Build.0 = Release|Any CPU
		{E45B83EB-DBC5-42A9-97FE-9EE30A9AF2A3}.Release|x86.ActiveCfg = Release|Any CPU
		{E45B83EB-DBC5-42A9-97FE-9EE30A9AF2A3}.Release|x86.Build.0 = Release|Any CPU
		{8FBEA010-6F3C-4CF8-8563-9368C931CC78}.Debug|Any CPU.ActiveCfg = Debug|Any CPU
		{8FBEA010-6F3C-4CF8-8563-9368C931CC78}.Debug|Any CPU.Build.0 = Debug|Any CPU
		{8FBEA010-6F3C-4CF8-8563-9368C931CC78}.Debug|arm64.ActiveCfg = Debug|Any CPU
		{8FBEA010-6F3C-4CF8-8563-9368C931CC78}.Debug|arm64.Build.0 = Debug|Any CPU
		{8FBEA010-6F3C-4CF8-8563-9368C931CC78}.Debug|x64.ActiveCfg = Debug|Any CPU
		{8FBEA010-6F3C-4CF8-8563-9368C931CC78}.Debug|x64.Build.0 = Debug|Any CPU
		{8FBEA010-6F3C-4CF8-8563-9368C931CC78}.Debug|x86.ActiveCfg = Debug|Any CPU
		{8FBEA010-6F3C-4CF8-8563-9368C931CC78}.Debug|x86.Build.0 = Debug|Any CPU
		{8FBEA010-6F3C-4CF8-8563-9368C931CC78}.Release|Any CPU.ActiveCfg = Release|Any CPU
		{8FBEA010-6F3C-4CF8-8563-9368C931CC78}.Release|Any CPU.Build.0 = Release|Any CPU
		{8FBEA010-6F3C-4CF8-8563-9368C931CC78}.Release|arm64.ActiveCfg = Release|Any CPU
		{8FBEA010-6F3C-4CF8-8563-9368C931CC78}.Release|arm64.Build.0 = Release|Any CPU
		{8FBEA010-6F3C-4CF8-8563-9368C931CC78}.Release|x64.ActiveCfg = Release|Any CPU
		{8FBEA010-6F3C-4CF8-8563-9368C931CC78}.Release|x64.Build.0 = Release|Any CPU
		{8FBEA010-6F3C-4CF8-8563-9368C931CC78}.Release|x86.ActiveCfg = Release|Any CPU
		{8FBEA010-6F3C-4CF8-8563-9368C931CC78}.Release|x86.Build.0 = Release|Any CPU
		{B5F35309-60F3-47B7-8CEC-0E617F74A196}.Debug|Any CPU.ActiveCfg = Debug|Any CPU
		{B5F35309-60F3-47B7-8CEC-0E617F74A196}.Debug|Any CPU.Build.0 = Debug|Any CPU
		{B5F35309-60F3-47B7-8CEC-0E617F74A196}.Debug|arm64.ActiveCfg = Debug|Any CPU
		{B5F35309-60F3-47B7-8CEC-0E617F74A196}.Debug|arm64.Build.0 = Debug|Any CPU
		{B5F35309-60F3-47B7-8CEC-0E617F74A196}.Debug|x64.ActiveCfg = Debug|Any CPU
		{B5F35309-60F3-47B7-8CEC-0E617F74A196}.Debug|x64.Build.0 = Debug|Any CPU
		{B5F35309-60F3-47B7-8CEC-0E617F74A196}.Debug|x86.ActiveCfg = Debug|Any CPU
		{B5F35309-60F3-47B7-8CEC-0E617F74A196}.Debug|x86.Build.0 = Debug|Any CPU
		{B5F35309-60F3-47B7-8CEC-0E617F74A196}.Release|Any CPU.ActiveCfg = Release|Any CPU
		{B5F35309-60F3-47B7-8CEC-0E617F74A196}.Release|Any CPU.Build.0 = Release|Any CPU
		{B5F35309-60F3-47B7-8CEC-0E617F74A196}.Release|arm64.ActiveCfg = Release|Any CPU
		{B5F35309-60F3-47B7-8CEC-0E617F74A196}.Release|arm64.Build.0 = Release|Any CPU
		{B5F35309-60F3-47B7-8CEC-0E617F74A196}.Release|x64.ActiveCfg = Release|Any CPU
		{B5F35309-60F3-47B7-8CEC-0E617F74A196}.Release|x64.Build.0 = Release|Any CPU
		{B5F35309-60F3-47B7-8CEC-0E617F74A196}.Release|x86.ActiveCfg = Release|Any CPU
		{B5F35309-60F3-47B7-8CEC-0E617F74A196}.Release|x86.Build.0 = Release|Any CPU
		{38A5F894-1969-4678-AB63-90007A164349}.Debug|Any CPU.ActiveCfg = Debug|Any CPU
		{38A5F894-1969-4678-AB63-90007A164349}.Debug|Any CPU.Build.0 = Debug|Any CPU
		{38A5F894-1969-4678-AB63-90007A164349}.Debug|arm64.ActiveCfg = Debug|Any CPU
		{38A5F894-1969-4678-AB63-90007A164349}.Debug|arm64.Build.0 = Debug|Any CPU
		{38A5F894-1969-4678-AB63-90007A164349}.Debug|x64.ActiveCfg = Debug|Any CPU
		{38A5F894-1969-4678-AB63-90007A164349}.Debug|x64.Build.0 = Debug|Any CPU
		{38A5F894-1969-4678-AB63-90007A164349}.Debug|x86.ActiveCfg = Debug|Any CPU
		{38A5F894-1969-4678-AB63-90007A164349}.Debug|x86.Build.0 = Debug|Any CPU
		{38A5F894-1969-4678-AB63-90007A164349}.Release|Any CPU.ActiveCfg = Release|Any CPU
		{38A5F894-1969-4678-AB63-90007A164349}.Release|Any CPU.Build.0 = Release|Any CPU
		{38A5F894-1969-4678-AB63-90007A164349}.Release|arm64.ActiveCfg = Release|Any CPU
		{38A5F894-1969-4678-AB63-90007A164349}.Release|arm64.Build.0 = Release|Any CPU
		{38A5F894-1969-4678-AB63-90007A164349}.Release|x64.ActiveCfg = Release|Any CPU
		{38A5F894-1969-4678-AB63-90007A164349}.Release|x64.Build.0 = Release|Any CPU
		{38A5F894-1969-4678-AB63-90007A164349}.Release|x86.ActiveCfg = Release|Any CPU
		{38A5F894-1969-4678-AB63-90007A164349}.Release|x86.Build.0 = Release|Any CPU
		{FAD8CCC1-2E77-4DEC-9537-28CC2AED31B1}.Debug|Any CPU.ActiveCfg = Debug|Any CPU
		{FAD8CCC1-2E77-4DEC-9537-28CC2AED31B1}.Debug|Any CPU.Build.0 = Debug|Any CPU
		{FAD8CCC1-2E77-4DEC-9537-28CC2AED31B1}.Debug|arm64.ActiveCfg = Debug|Any CPU
		{FAD8CCC1-2E77-4DEC-9537-28CC2AED31B1}.Debug|arm64.Build.0 = Debug|Any CPU
		{FAD8CCC1-2E77-4DEC-9537-28CC2AED31B1}.Debug|x64.ActiveCfg = Debug|Any CPU
		{FAD8CCC1-2E77-4DEC-9537-28CC2AED31B1}.Debug|x64.Build.0 = Debug|Any CPU
		{FAD8CCC1-2E77-4DEC-9537-28CC2AED31B1}.Debug|x86.ActiveCfg = Debug|Any CPU
		{FAD8CCC1-2E77-4DEC-9537-28CC2AED31B1}.Debug|x86.Build.0 = Debug|Any CPU
		{FAD8CCC1-2E77-4DEC-9537-28CC2AED31B1}.Release|Any CPU.ActiveCfg = Release|Any CPU
		{FAD8CCC1-2E77-4DEC-9537-28CC2AED31B1}.Release|Any CPU.Build.0 = Release|Any CPU
		{FAD8CCC1-2E77-4DEC-9537-28CC2AED31B1}.Release|arm64.ActiveCfg = Release|Any CPU
		{FAD8CCC1-2E77-4DEC-9537-28CC2AED31B1}.Release|arm64.Build.0 = Release|Any CPU
		{FAD8CCC1-2E77-4DEC-9537-28CC2AED31B1}.Release|x64.ActiveCfg = Release|Any CPU
		{FAD8CCC1-2E77-4DEC-9537-28CC2AED31B1}.Release|x64.Build.0 = Release|Any CPU
		{FAD8CCC1-2E77-4DEC-9537-28CC2AED31B1}.Release|x86.ActiveCfg = Release|Any CPU
		{FAD8CCC1-2E77-4DEC-9537-28CC2AED31B1}.Release|x86.Build.0 = Release|Any CPU
	EndGlobalSection
	GlobalSection(SolutionProperties) = preSolution
		HideSolutionNode = FALSE
	EndGlobalSection
	GlobalSection(NestedProjects) = preSolution
		{AF65E8AF-0B5D-465B-A903-6A2BA99F4D4F} = {BC745E82-1398-4642-85D1-30DA01BD441C}
		{26CDCAA8-8F14-441C-841A-DFCCBA8DB33D} = {BC745E82-1398-4642-85D1-30DA01BD441C}
		{0C9DF467-8F63-4873-AD76-C7A916621A0F} = {BC745E82-1398-4642-85D1-30DA01BD441C}
		{FBAAAB98-2C74-48D7-9AF0-853C22882E8C} = {891896F5-ED2D-459A-9104-C30C5E238C25}
		{0AE0AA98-54DF-4E25-9777-624BECC24854} = {891896F5-ED2D-459A-9104-C30C5E238C25}
		{6A38C5A9-9D45-47F7-8D16-75B55FD5781E} = {891896F5-ED2D-459A-9104-C30C5E238C25}
		{E34FF0EC-DF3E-436A-8EBF-8DA734DA9D6A} = {891896F5-ED2D-459A-9104-C30C5E238C25}
		{C87EF95F-CF54-457E-AAAA-F3A0024F3E69} = {891896F5-ED2D-459A-9104-C30C5E238C25}
		{E9F77E17-837F-4DE9-A2A8-29BD5F933406} = {C87EF95F-CF54-457E-AAAA-F3A0024F3E69}
		{024A767A-690C-46DC-81A0-59853E385AF0} = {C87EF95F-CF54-457E-AAAA-F3A0024F3E69}
		{88280F1A-DB35-4111-A561-F381AF0F9F5A} = {C87EF95F-CF54-457E-AAAA-F3A0024F3E69}
		{CBF60655-21FC-43E9-BB37-6C052288CA83} = {C87EF95F-CF54-457E-AAAA-F3A0024F3E69}
		{095087CD-774E-4C99-8F75-31C3A1D63306} = {FF924F63-B647-4789-91A0-AB5977BB0EC8}
		{7FAD32B1-268F-45F8-9EB7-FD8CC27C5B39} = {FF924F63-B647-4789-91A0-AB5977BB0EC8}
		{7EF748CF-A32A-4359-A888-6F430D3E0123} = {FF924F63-B647-4789-91A0-AB5977BB0EC8}
		{251C196A-17B0-4357-95DD-5F744CFBEA02} = {FF924F63-B647-4789-91A0-AB5977BB0EC8}
		{E45B83EB-DBC5-42A9-97FE-9EE30A9AF2A3} = {FF924F63-B647-4789-91A0-AB5977BB0EC8}
		{8FBEA010-6F3C-4CF8-8563-9368C931CC78} = {C87EF95F-CF54-457E-AAAA-F3A0024F3E69}
		{B5F35309-60F3-47B7-8CEC-0E617F74A196} = {891896F5-ED2D-459A-9104-C30C5E238C25}
		{38A5F894-1969-4678-AB63-90007A164349} = {891896F5-ED2D-459A-9104-C30C5E238C25}
		{FAD8CCC1-2E77-4DEC-9537-28CC2AED31B1} = {C87EF95F-CF54-457E-AAAA-F3A0024F3E69}
	EndGlobalSection
	GlobalSection(ExtensibilityGlobals) = postSolution
		SolutionGuid = {65FA3948-6B54-4DDD-A7AC-7B885CDBA189}
	EndGlobalSection
	GlobalSection(SharedMSBuildProjectFiles) = preSolution
		..\Ck.Navigation\src\StackShared\StackShared.projitems*{024a767a-690c-46dc-81a0-59853e385af0}*SharedItemsImports = 5
		..\DynamicMvvm\Shared\Shared.projitems*{095087cd-774e-4c99-8f75-31c3a1d63306}*SharedItemsImports = 5
		..\DynamicMvvm\Shared\Shared.projitems*{251c196a-17b0-4357-95dd-5f744cfbea02}*SharedItemsImports = 5
		..\Ck.Navigation\src\SectionsShared\SectionsShared.projitems*{38a5f894-1969-4678-ab63-90007a164349}*SharedItemsImports = 5
		..\Ck.Navigation\src\StackShared\StackShared.projitems*{8fbea010-6f3c-4cf8-8563-9368c931cc78}*SharedItemsImports = 5
		..\Ck.Navigation\src\StackShared\StackShared.projitems*{cbf60655-21fc-43e9-bb37-6c052288ca83}*SharedItemsImports = 13
		..\Ck.Navigation\src\SectionsShared\SectionsShared.projitems*{e34ff0ec-df3e-436a-8ebf-8da734da9d6a}*SharedItemsImports = 13
		..\Ck.Navigation\src\SectionsShared\SectionsShared.projitems*{fbaaab98-2c74-48d7-9af0-853c22882e8c}*SharedItemsImports = 5
	EndGlobalSection
EndGlobal
